// !$*UTF8*$!
{
	archiveVersion = 1;
	classes = {
	};
	objectVersion = 56;
	objects = {

/* Begin PBXBuildFile section */
		AA000001 /* StashApp.swift in Sources */ = {isa = PBXBuildFile; fileRef = AA000011 /* StashApp.swift */; };
		AA000003 /* Assets.xcassets in Resources */ = {isa = PBXBuildFile; fileRef = AA000013 /* Assets.xcassets */; };
		AA000004 /* StashTests.swift in Sources */ = {isa = PBXBuildFile; fileRef = AA000014 /* StashTests.swift */; };
		AA000005 /* ComposableArchitecture in Frameworks */ = {isa = PBXBuildFile; productRef = AA000201 /* ComposableArchitecture */; };
		CC000001 /* ShareViewController.swift in Sources */ = {isa = PBXBuildFile; fileRef = CC000011 /* ShareViewController.swift */; };
		CC000002 /* StashShareExtension.appex in Embed Foundation Extensions */ = {isa = PBXBuildFile; fileRef = CC000060 /* StashShareExtension.appex */; settings = {ATTRIBUTES = (RemoveHeadersOnCopy, ); }; };
		DD000001 /* ContentType.swift in Sources */ = {isa = PBXBuildFile; fileRef = DD000011 /* ContentType.swift */; };
		DD000002 /* SavedContent.swift in Sources */ = {isa = PBXBuildFile; fileRef = DD000012 /* SavedContent.swift */; };
		DD000003 /* SavedContent+Mock.swift in Sources */ = {isa = PBXBuildFile; fileRef = DD000013 /* SavedContent+Mock.swift */; };
		EE000001 /* ContentTypeParser.swift in Sources */ = {isa = PBXBuildFile; fileRef = EE000011 /* ContentTypeParser.swift */; };
		EE000002 /* ContentTypeParserTests.swift in Sources */ = {isa = PBXBuildFile; fileRef = EE000012 /* ContentTypeParserTests.swift */; };
		EE000003 /* SDContent.swift in Sources */ = {isa = PBXBuildFile; fileRef = EE000013 /* SDContent.swift */; };
		EE000004 /* ContentClient.swift in Sources */ = {isa = PBXBuildFile; fileRef = EE000014 /* ContentClient.swift */; };
		EE000005 /* ContentMapper.swift in Sources */ = {isa = PBXBuildFile; fileRef = EE000015 /* ContentMapper.swift */; };
		EE000006 /* ContentMapperTests.swift in Sources */ = {isa = PBXBuildFile; fileRef = EE000016 /* ContentMapperTests.swift */; };
		EE000007 /* ContentClientLive.swift in Sources */ = {isa = PBXBuildFile; fileRef = EE000017 /* ContentClientLive.swift */; };
		EE000008 /* Dependencies in Frameworks */ = {isa = PBXBuildFile; productRef = EE000201 /* Dependencies */; };
		FF000001 /* HomeFeature.swift in Sources */ = {isa = PBXBuildFile; fileRef = FF000011 /* HomeFeature.swift */; };
		FF000005 /* HomeFeatureTests.swift in Sources */ = {isa = PBXBuildFile; fileRef = FF000012 /* HomeFeatureTests.swift */; };
		FF000007 /* HomeView.swift in Sources */ = {isa = PBXBuildFile; fileRef = FF000013 /* HomeView.swift */; };
		FF000021 /* ContentCardView.swift in Sources */ = {isa = PBXBuildFile; fileRef = FF000022 /* ContentCardView.swift */; };
		FF000031 /* AppFeature.swift in Sources */ = {isa = PBXBuildFile; fileRef = FF000032 /* AppFeature.swift */; };
		GG000001 /* URLExtractor.swift in Sources */ = {isa = PBXBuildFile; fileRef = GG000011 /* URLExtractor.swift */; };
		GG000002 /* URLExtractor.swift in Sources */ = {isa = PBXBuildFile; fileRef = GG000011 /* URLExtractor.swift */; };
		GG000003 /* URLExtractorTests.swift in Sources */ = {isa = PBXBuildFile; fileRef = GG000012 /* URLExtractorTests.swift */; };
		HH000001 /* ContentMetadata.swift in Sources */ = {isa = PBXBuildFile; fileRef = HH000011 /* ContentMetadata.swift */; };
		HH000002 /* MetadataClient.swift in Sources */ = {isa = PBXBuildFile; fileRef = HH000012 /* MetadataClient.swift */; };
		HH000003 /* MetadataClientTests.swift in Sources */ = {isa = PBXBuildFile; fileRef = HH000013 /* MetadataClientTests.swift */; };
		II000001 /* ShareExtensionSaver.swift in Sources */ = {isa = PBXBuildFile; fileRef = II000011 /* ShareExtensionSaver.swift */; };
		II000002 /* ShareExtensionSaver.swift in Sources */ = {isa = PBXBuildFile; fileRef = II000011 /* ShareExtensionSaver.swift */; };
		II000003 /* ContentType.swift in Sources */ = {isa = PBXBuildFile; fileRef = DD000011 /* ContentType.swift */; };
		II000004 /* SavedContent.swift in Sources */ = {isa = PBXBuildFile; fileRef = DD000012 /* SavedContent.swift */; };
		II000005 /* ContentTypeParser.swift in Sources */ = {isa = PBXBuildFile; fileRef = EE000011 /* ContentTypeParser.swift */; };
		II000006 /* SDContent.swift in Sources */ = {isa = PBXBuildFile; fileRef = EE000013 /* SDContent.swift */; };
		II000007 /* ContentMapper.swift in Sources */ = {isa = PBXBuildFile; fileRef = EE000015 /* ContentMapper.swift */; };
		II000008 /* ShareExtensionSaverTests.swift in Sources */ = {isa = PBXBuildFile; fileRef = II000012 /* ShareExtensionSaverTests.swift */; };
		JJ000001 /* MetadataClientLive.swift in Sources */ = {isa = PBXBuildFile; fileRef = JJ000011 /* MetadataClientLive.swift */; };
		JJ000002 /* OGTagParserTests.swift in Sources */ = {isa = PBXBuildFile; fileRef = JJ000012 /* OGTagParserTests.swift */; };
		KK000001 /* DetailFeature.swift in Sources */ = {isa = PBXBuildFile; fileRef = KK000011 /* DetailFeature.swift */; };
		KK000002 /* DetailView.swift in Sources */ = {isa = PBXBuildFile; fileRef = KK000012 /* DetailView.swift */; };
		KK000003 /* DeepLinkBuilder.swift in Sources */ = {isa = PBXBuildFile; fileRef = KK000013 /* DeepLinkBuilder.swift */; };
		KK000004 /* OpenURLClient.swift in Sources */ = {isa = PBXBuildFile; fileRef = KK000014 /* OpenURLClient.swift */; };
		KK000005 /* DeepLinkBuilderTests.swift in Sources */ = {isa = PBXBuildFile; fileRef = KK000015 /* DeepLinkBuilderTests.swift */; };
		LL000001 /* SearchClient.swift in Sources */ = {isa = PBXBuildFile; fileRef = LL000011 /* SearchClient.swift */; };
		LL000002 /* EmbeddingClient.swift in Sources */ = {isa = PBXBuildFile; fileRef = LL000012 /* EmbeddingClient.swift */; };
		MM000001 /* SearchClientLive.swift in Sources */ = {isa = PBXBuildFile; fileRef = MM000011 /* SearchClientLive.swift */; };
		NN000001 /* EmbeddingClientLive.swift in Sources */ = {isa = PBXBuildFile; fileRef = NN000011 /* EmbeddingClientLive.swift */; };
		NN000002 /* VectorSearchService.swift in Sources */ = {isa = PBXBuildFile; fileRef = NN000012 /* VectorSearchService.swift */; };
		NN000003 /* VectorSearchServiceTests.swift in Sources */ = {isa = PBXBuildFile; fileRef = NN000013 /* VectorSearchServiceTests.swift */; };
/* End PBXBuildFile section */

/* Begin PBXContainerItemProxy section */
		AA000030 /* PBXContainerItemProxy */ = {
			isa = PBXContainerItemProxy;
			containerPortal = AA000040 /* Project object */;
			proxyType = 1;
			remoteGlobalIDString = AA000050;
			remoteInfo = Stash;
		};
		CC000030 /* PBXContainerItemProxy */ = {
			isa = PBXContainerItemProxy;
			containerPortal = AA000040 /* Project object */;
			proxyType = 1;
			remoteGlobalIDString = CC000050;
			remoteInfo = StashShareExtension;
		};
/* End PBXContainerItemProxy section */

/* Begin PBXCopyFilesBuildPhase section */
		CC000070 /* Embed Foundation Extensions */ = {
			isa = PBXCopyFilesBuildPhase;
			buildActionMask = 2147483647;
			dstPath = "";
			dstSubfolderSpec = 13;
			files = (
				CC000002 /* StashShareExtension.appex in Embed Foundation Extensions */,
			);
			name = "Embed Foundation Extensions";
			runOnlyForDeploymentPostprocessing = 0;
		};
/* End PBXCopyFilesBuildPhase section */

/* Begin PBXFileReference section */
		AA000011 /* StashApp.swift */ = {isa = PBXFileReference; lastKnownFileType = sourcecode.swift; path = StashApp.swift; sourceTree = "<group>"; };
		AA000013 /* Assets.xcassets */ = {isa = PBXFileReference; lastKnownFileType = folder.assetcatalog; path = Assets.xcassets; sourceTree = "<group>"; };
		AA000014 /* StashTests.swift */ = {isa = PBXFileReference; lastKnownFileType = sourcecode.swift; path = StashTests.swift; sourceTree = "<group>"; };
		AA000015 /* Stash.entitlements */ = {isa = PBXFileReference; lastKnownFileType = text.plist.entitlements; path = Stash.entitlements; sourceTree = "<group>"; };
		AA000060 /* Stash.app */ = {isa = PBXFileReference; explicitFileType = wrapper.application; includeInIndex = 0; path = Stash.app; sourceTree = BUILT_PRODUCTS_DIR; };
		AA000061 /* StashTests.xctest */ = {isa = PBXFileReference; explicitFileType = wrapper.cfbundle; includeInIndex = 0; path = StashTests.xctest; sourceTree = BUILT_PRODUCTS_DIR; };
		CC000011 /* ShareViewController.swift */ = {isa = PBXFileReference; lastKnownFileType = sourcecode.swift; path = ShareViewController.swift; sourceTree = "<group>"; };
		CC000012 /* Info.plist */ = {isa = PBXFileReference; lastKnownFileType = text.plist.xml; path = Info.plist; sourceTree = "<group>"; };
		CC000013 /* StashShareExtension.entitlements */ = {isa = PBXFileReference; lastKnownFileType = text.plist.entitlements; path = StashShareExtension.entitlements; sourceTree = "<group>"; };
		CC000060 /* StashShareExtension.appex */ = {isa = PBXFileReference; explicitFileType = "wrapper.app-extension"; includeInIndex = 0; path = StashShareExtension.appex; sourceTree = BUILT_PRODUCTS_DIR; };
		DD000011 /* ContentType.swift */ = {isa = PBXFileReference; lastKnownFileType = sourcecode.swift; path = ContentType.swift; sourceTree = "<group>"; };
		DD000012 /* SavedContent.swift */ = {isa = PBXFileReference; lastKnownFileType = sourcecode.swift; path = SavedContent.swift; sourceTree = "<group>"; };
		DD000013 /* SavedContent+Mock.swift */ = {isa = PBXFileReference; lastKnownFileType = sourcecode.swift; path = "SavedContent+Mock.swift"; sourceTree = "<group>"; };
		EE000011 /* ContentTypeParser.swift */ = {isa = PBXFileReference; lastKnownFileType = sourcecode.swift; path = ContentTypeParser.swift; sourceTree = "<group>"; };
		EE000012 /* ContentTypeParserTests.swift */ = {isa = PBXFileReference; lastKnownFileType = sourcecode.swift; path = ContentTypeParserTests.swift; sourceTree = "<group>"; };
		EE000013 /* SDContent.swift */ = {isa = PBXFileReference; lastKnownFileType = sourcecode.swift; path = SDContent.swift; sourceTree = "<group>"; };
		EE000014 /* ContentClient.swift */ = {isa = PBXFileReference; lastKnownFileType = sourcecode.swift; path = ContentClient.swift; sourceTree = "<group>"; };
		EE000015 /* ContentMapper.swift */ = {isa = PBXFileReference; lastKnownFileType = sourcecode.swift; path = ContentMapper.swift; sourceTree = "<group>"; };
		EE000016 /* ContentMapperTests.swift */ = {isa = PBXFileReference; lastKnownFileType = sourcecode.swift; path = ContentMapperTests.swift; sourceTree = "<group>"; };
		EE000017 /* ContentClientLive.swift */ = {isa = PBXFileReference; lastKnownFileType = sourcecode.swift; path = ContentClientLive.swift; sourceTree = "<group>"; };
		FF000011 /* HomeFeature.swift */ = {isa = PBXFileReference; lastKnownFileType = sourcecode.swift; path = HomeFeature.swift; sourceTree = "<group>"; };
		FF000012 /* HomeFeatureTests.swift */ = {isa = PBXFileReference; lastKnownFileType = sourcecode.swift; path = HomeFeatureTests.swift; sourceTree = "<group>"; };
		FF000013 /* HomeView.swift */ = {isa = PBXFileReference; lastKnownFileType = sourcecode.swift; path = HomeView.swift; sourceTree = "<group>"; };
		FF000022 /* ContentCardView.swift */ = {isa = PBXFileReference; lastKnownFileType = sourcecode.swift; path = ContentCardView.swift; sourceTree = "<group>"; };
		FF000032 /* AppFeature.swift */ = {isa = PBXFileReference; lastKnownFileType = sourcecode.swift; path = AppFeature.swift; sourceTree = "<group>"; };
		GG000011 /* URLExtractor.swift */ = {isa = PBXFileReference; lastKnownFileType = sourcecode.swift; path = URLExtractor.swift; sourceTree = "<group>"; };
		GG000012 /* URLExtractorTests.swift */ = {isa = PBXFileReference; lastKnownFileType = sourcecode.swift; path = URLExtractorTests.swift; sourceTree = "<group>"; };
		HH000011 /* ContentMetadata.swift */ = {isa = PBXFileReference; lastKnownFileType = sourcecode.swift; path = ContentMetadata.swift; sourceTree = "<group>"; };
		HH000012 /* MetadataClient.swift */ = {isa = PBXFileReference; lastKnownFileType = sourcecode.swift; path = MetadataClient.swift; sourceTree = "<group>"; };
		HH000013 /* MetadataClientTests.swift */ = {isa = PBXFileReference; lastKnownFileType = sourcecode.swift; path = MetadataClientTests.swift; sourceTree = "<group>"; };
		II000011 /* ShareExtensionSaver.swift */ = {isa = PBXFileReference; lastKnownFileType = sourcecode.swift; path = ShareExtensionSaver.swift; sourceTree = "<group>"; };
		II000012 /* ShareExtensionSaverTests.swift */ = {isa = PBXFileReference; lastKnownFileType = sourcecode.swift; path = ShareExtensionSaverTests.swift; sourceTree = "<group>"; };
		JJ000011 /* MetadataClientLive.swift */ = {isa = PBXFileReference; lastKnownFileType = sourcecode.swift; path = MetadataClientLive.swift; sourceTree = "<group>"; };
		JJ000012 /* OGTagParserTests.swift */ = {isa = PBXFileReference; lastKnownFileType = sourcecode.swift; path = OGTagParserTests.swift; sourceTree = "<group>"; };
		KK000011 /* DetailFeature.swift */ = {isa = PBXFileReference; lastKnownFileType = sourcecode.swift; path = DetailFeature.swift; sourceTree = "<group>"; };
		KK000012 /* DetailView.swift */ = {isa = PBXFileReference; lastKnownFileType = sourcecode.swift; path = DetailView.swift; sourceTree = "<group>"; };
		KK000013 /* DeepLinkBuilder.swift */ = {isa = PBXFileReference; lastKnownFileType = sourcecode.swift; path = DeepLinkBuilder.swift; sourceTree = "<group>"; };
		KK000014 /* OpenURLClient.swift */ = {isa = PBXFileReference; lastKnownFileType = sourcecode.swift; path = OpenURLClient.swift; sourceTree = "<group>"; };
		KK000015 /* DeepLinkBuilderTests.swift */ = {isa = PBXFileReference; lastKnownFileType = sourcecode.swift; path = DeepLinkBuilderTests.swift; sourceTree = "<group>"; };
		LL000011 /* SearchClient.swift */ = {isa = PBXFileReference; lastKnownFileType = sourcecode.swift; path = SearchClient.swift; sourceTree = "<group>"; };
		LL000012 /* EmbeddingClient.swift */ = {isa = PBXFileReference; lastKnownFileType = sourcecode.swift; path = EmbeddingClient.swift; sourceTree = "<group>"; };
		MM000011 /* SearchClientLive.swift */ = {isa = PBXFileReference; lastKnownFileType = sourcecode.swift; path = SearchClientLive.swift; sourceTree = "<group>"; };
		NN000011 /* EmbeddingClientLive.swift */ = {isa = PBXFileReference; lastKnownFileType = sourcecode.swift; path = EmbeddingClientLive.swift; sourceTree = "<group>"; };
		NN000012 /* VectorSearchService.swift */ = {isa = PBXFileReference; lastKnownFileType = sourcecode.swift; path = VectorSearchService.swift; sourceTree = "<group>"; };
		NN000013 /* VectorSearchServiceTests.swift */ = {isa = PBXFileReference; lastKnownFileType = sourcecode.swift; path = VectorSearchServiceTests.swift; sourceTree = "<group>"; };
/* End PBXFileReference section */

/* Begin PBXFrameworksBuildPhase section */
		AA000070 /* Frameworks */ = {
			isa = PBXFrameworksBuildPhase;
			buildActionMask = 2147483647;
			files = (
				AA000005 /* ComposableArchitecture in Frameworks */,
				EE000008 /* Dependencies in Frameworks */,
			);
			runOnlyForDeploymentPostprocessing = 0;
		};
		AA000071 /* Frameworks */ = {
			isa = PBXFrameworksBuildPhase;
			buildActionMask = 2147483647;
			files = (
			);
			runOnlyForDeploymentPostprocessing = 0;
		};
		CC000071 /* Frameworks */ = {
			isa = PBXFrameworksBuildPhase;
			buildActionMask = 2147483647;
			files = (
			);
			runOnlyForDeploymentPostprocessing = 0;
		};
/* End PBXFrameworksBuildPhase section */

/* Begin PBXGroup section */
		AA000080 = {
			isa = PBXGroup;
			children = (
				AA000081 /* Stash */,
				CC000080 /* StashShareExtension */,
				AA000082 /* StashTests */,
				AA000083 /* Products */,
			);
			sourceTree = "<group>";
		};
		AA000081 /* Stash */ = {
			isa = PBXGroup;
			children = (
				AA000015 /* Stash.entitlements */,
				BB000001 /* App */,
				BB000002 /* Features */,
				BB000010 /* Domain */,
				BB000020 /* Data */,
				BB000030 /* ML */,
				BB000040 /* Shared */,
				BB000050 /* Resources */,
				AA000013 /* Assets.xcassets */,
			);
			path = Stash;
			sourceTree = "<group>";
		};
		BB000001 /* App */ = {
			isa = PBXGroup;
			children = (
				FF000032 /* AppFeature.swift */,
				AA000011 /* StashApp.swift */,
			);
			path = App;
			sourceTree = "<group>";
		};
		BB000002 /* Features */ = {
			isa = PBXGroup;
			children = (
				BB000003 /* Home */,
				BB000004 /* Search */,
				BB000005 /* Detail */,
				BB000006 /* CategoryList */,
				BB000007 /* Settings */,
			);
			path = Features;
			sourceTree = "<group>";
		};
		BB000003 /* Home */ = {
			isa = PBXGroup;
			children = (
				FF000022 /* ContentCardView.swift */,
				FF000011 /* HomeFeature.swift */,
				FF000013 /* HomeView.swift */,
			);
			path = Home;
			sourceTree = "<group>";
		};
		BB000004 /* Search */ = {
			isa = PBXGroup;
			children = (
			);
			path = Search;
			sourceTree = "<group>";
		};
		BB000005 /* Detail */ = {
			isa = PBXGroup;
			children = (
				KK000011 /* DetailFeature.swift */,
				KK000012 /* DetailView.swift */,
			);
			path = Detail;
			sourceTree = "<group>";
		};
		BB000006 /* CategoryList */ = {
			isa = PBXGroup;
			children = (
			);
			path = CategoryList;
			sourceTree = "<group>";
		};
		BB000007 /* Settings */ = {
			isa = PBXGroup;
			children = (
			);
			path = Settings;
			sourceTree = "<group>";
		};
		BB000010 /* Domain */ = {
			isa = PBXGroup;
			children = (
				BB000011 /* Models */,
				BB000012 /* ContentParsing */,
				BB000013 /* Services */,
			);
			path = Domain;
			sourceTree = "<group>";
		};
		BB000011 /* Models */ = {
			isa = PBXGroup;
			children = (
				HH000011 /* ContentMetadata.swift */,
				DD000011 /* ContentType.swift */,
				DD000012 /* SavedContent.swift */,
				DD000013 /* SavedContent+Mock.swift */,
			);
			path = Models;
			sourceTree = "<group>";
		};
		BB000012 /* ContentParsing */ = {
			isa = PBXGroup;
			children = (
				EE000011 /* ContentTypeParser.swift */,
				KK000013 /* DeepLinkBuilder.swift */,
			);
			path = ContentParsing;
			sourceTree = "<group>";
		};
		BB000013 /* Services */ = {
			isa = PBXGroup;
			children = (
				EE000014 /* ContentClient.swift */,
				LL000012 /* EmbeddingClient.swift */,
				HH000012 /* MetadataClient.swift */,
				KK000014 /* OpenURLClient.swift */,
				LL000011 /* SearchClient.swift */,
			);
			path = Services;
			sourceTree = "<group>";
		};
		BB000020 /* Data */ = {
			isa = PBXGroup;
			children = (
				BB000021 /* SwiftData */,
				BB000022 /* Clients */,
				BB000023 /* Mappers */,
			);
			path = Data;
			sourceTree = "<group>";
		};
		BB000021 /* SwiftData */ = {
			isa = PBXGroup;
			children = (
				EE000013 /* SDContent.swift */,
			);
			path = SwiftData;
			sourceTree = "<group>";
		};
		BB000022 /* Clients */ = {
			isa = PBXGroup;
			children = (
				EE000017 /* ContentClientLive.swift */,
				JJ000011 /* MetadataClientLive.swift */,
				MM000011 /* SearchClientLive.swift */,
			);
			path = Clients;
			sourceTree = "<group>";
		};
		BB000023 /* Mappers */ = {
			isa = PBXGroup;
			children = (
				EE000015 /* ContentMapper.swift */,
			);
			path = Mappers;
			sourceTree = "<group>";
		};
		BB000030 /* ML */ = {
			isa = PBXGroup;
			children = (
				BB000031 /* EmbeddingService */,
				BB000032 /* VectorSearch */,
			);
			path = ML;
			sourceTree = "<group>";
		};
		BB000031 /* EmbeddingService */ = {
			isa = PBXGroup;
			children = (
				NN000011 /* EmbeddingClientLive.swift */,
			);
			path = EmbeddingService;
			sourceTree = "<group>";
		};
		BB000032 /* VectorSearch */ = {
			isa = PBXGroup;
			children = (
				NN000012 /* VectorSearchService.swift */,
			);
			path = VectorSearch;
			sourceTree = "<group>";
		};
		BB000040 /* Shared */ = {
			isa = PBXGroup;
			children = (
				BB000041 /* AppGroup */,
			);
			path = Shared;
			sourceTree = "<group>";
		};
		BB000041 /* AppGroup */ = {
			isa = PBXGroup;
			children = (
				II000011 /* ShareExtensionSaver.swift */,
				GG000011 /* URLExtractor.swift */,
			);
			path = AppGroup;
			sourceTree = "<group>";
		};
		BB000050 /* Resources */ = {
			isa = PBXGroup;
			children = (
			);
			path = Resources;
			sourceTree = "<group>";
		};
		CC000080 /* StashShareExtension */ = {
			isa = PBXGroup;
			children = (
				CC000013 /* StashShareExtension.entitlements */,
				CC000011 /* ShareViewController.swift */,
				CC000012 /* Info.plist */,
			);
			path = StashShareExtension;
			sourceTree = "<group>";
		};
		AA000082 /* StashTests */ = {
			isa = PBXGroup;
			children = (
				AA000014 /* StashTests.swift */,
				EE000080 /* Domain */,
				EE000081 /* Data */,
				FF000082 /* Features */,
				NN000023 /* ML */,
				GG000080 /* Shared */,
			);
			path = StashTests;
			sourceTree = "<group>";
		};
		GG000080 /* Shared */ = {
			isa = PBXGroup;
			children = (
				II000012 /* ShareExtensionSaverTests.swift */,
				GG000012 /* URLExtractorTests.swift */,
			);
			path = Shared;
			sourceTree = "<group>";
		};
		FF000082 /* Features */ = {
			isa = PBXGroup;
			children = (
				FF000012 /* HomeFeatureTests.swift */,
			);
			path = Features;
			sourceTree = "<group>";
		};
		EE000080 /* Domain */ = {
			isa = PBXGroup;
			children = (
				EE000012 /* ContentTypeParserTests.swift */,
				KK000015 /* DeepLinkBuilderTests.swift */,
				HH000013 /* MetadataClientTests.swift */,
			);
			path = Domain;
			sourceTree = "<group>";
		};
		EE000081 /* Data */ = {
			isa = PBXGroup;
			children = (
				EE000016 /* ContentMapperTests.swift */,
				JJ000012 /* OGTagParserTests.swift */,
			);
			path = Data;
			sourceTree = "<group>";
		};
		NN000023 /* ML */ = {
			isa = PBXGroup;
			children = (
				NN000013 /* VectorSearchServiceTests.swift */,
			);
			path = ML;
			sourceTree = "<group>";
		};
		AA000083 /* Products */ = {
			isa = PBXGroup;
			children = (
				AA000060 /* Stash.app */,
				AA000061 /* StashTests.xctest */,
				CC000060 /* StashShareExtension.appex */,
			);
			name = Products;
			sourceTree = "<group>";
		};
/* End PBXGroup section */

/* Begin PBXNativeTarget section */
		AA000050 /* Stash */ = {
			isa = PBXNativeTarget;
			buildConfigurationList = AA000090 /* Build configuration list for PBXNativeTarget "Stash" */;
			buildPhases = (
				AA000100 /* Sources */,
				AA000070 /* Frameworks */,
				AA000101 /* Resources */,
				CC000070 /* Embed Foundation Extensions */,
			);
			buildRules = (
			);
			dependencies = (
				CC000031 /* PBXTargetDependency */,
			);
			name = Stash;
			packageProductDependencies = (
				AA000201 /* ComposableArchitecture */,
				EE000201 /* Dependencies */,
			);
			productName = Stash;
			productReference = AA000060 /* Stash.app */;
			productType = "com.apple.product-type.application";
		};
		AA000051 /* StashTests */ = {
			isa = PBXNativeTarget;
			buildConfigurationList = AA000091 /* Build configuration list for PBXNativeTarget "StashTests" */;
			buildPhases = (
				AA000102 /* Sources */,
				AA000071 /* Frameworks */,
				AA000103 /* Resources */,
			);
			buildRules = (
			);
			dependencies = (
				AA000031 /* PBXTargetDependency */,
			);
			name = StashTests;
			productName = StashTests;
			productReference = AA000061 /* StashTests.xctest */;
			productType = "com.apple.product-type.bundle.unit-test";
		};
		CC000050 /* StashShareExtension */ = {
			isa = PBXNativeTarget;
			buildConfigurationList = CC000090 /* Build configuration list for PBXNativeTarget "StashShareExtension" */;
			buildPhases = (
				CC000100 /* Sources */,
				CC000071 /* Frameworks */,
				CC000101 /* Resources */,
			);
			buildRules = (
			);
			dependencies = (
			);
			name = StashShareExtension;
			productName = StashShareExtension;
			productReference = CC000060 /* StashShareExtension.appex */;
			productType = "com.apple.product-type.app-extension";
		};
/* End PBXNativeTarget section */

/* Begin PBXProject section */
		AA000040 /* Project object */ = {
			isa = PBXProject;
			attributes = {
				BuildIndependentTargetsInParallel = 1;
				LastSwiftUpdateCheck = 1620;
				LastUpgradeCheck = 1620;
				TargetAttributes = {
					AA000050 = {
						CreatedOnToolsVersion = 16.2;
					};
					AA000051 = {
						CreatedOnToolsVersion = 16.2;
						TestTargetID = AA000050;
					};
					CC000050 = {
						CreatedOnToolsVersion = 16.2;
					};
				};
			};
			buildConfigurationList = AA000092 /* Build configuration list for PBXProject "Stash" */;
			compatibilityVersion = "Xcode 14.0";
			developmentRegion = en;
			hasScannedForEncodings = 0;
			knownRegions = (
				en,
				Base,
			);
			mainGroup = AA000080;
			packageReferences = (
				AA000200 /* XCRemoteSwiftPackageReference "swift-composable-architecture" */,
				EE000200 /* XCRemoteSwiftPackageReference "swift-dependencies" */,
			);
			productRefGroup = AA000083 /* Products */;
			projectDirPath = "";
			projectRoot = "";
			targets = (
				AA000050 /* Stash */,
				AA000051 /* StashTests */,
				CC000050 /* StashShareExtension */,
			);
		};
/* End PBXProject section */

/* Begin PBXResourcesBuildPhase section */
		AA000101 /* Resources */ = {
			isa = PBXResourcesBuildPhase;
			buildActionMask = 2147483647;
			files = (
				AA000003 /* Assets.xcassets in Resources */,
			);
			runOnlyForDeploymentPostprocessing = 0;
		};
		AA000103 /* Resources */ = {
			isa = PBXResourcesBuildPhase;
			buildActionMask = 2147483647;
			files = (
			);
			runOnlyForDeploymentPostprocessing = 0;
		};
		CC000101 /* Resources */ = {
			isa = PBXResourcesBuildPhase;
			buildActionMask = 2147483647;
			files = (
			);
			runOnlyForDeploymentPostprocessing = 0;
		};
/* End PBXResourcesBuildPhase section */

/* Begin PBXSourcesBuildPhase section */
		AA000100 /* Sources */ = {
			isa = PBXSourcesBuildPhase;
			buildActionMask = 2147483647;
			files = (
				AA000001 /* StashApp.swift in Sources */,
				DD000001 /* ContentType.swift in Sources */,
				DD000002 /* SavedContent.swift in Sources */,
				DD000003 /* SavedContent+Mock.swift in Sources */,
				EE000001 /* ContentTypeParser.swift in Sources */,
				EE000003 /* SDContent.swift in Sources */,
				EE000004 /* ContentClient.swift in Sources */,
				EE000005 /* ContentMapper.swift in Sources */,
				EE000007 /* ContentClientLive.swift in Sources */,
				FF000001 /* HomeFeature.swift in Sources */,
				FF000007 /* HomeView.swift in Sources */,
				FF000021 /* ContentCardView.swift in Sources */,
				FF000031 /* AppFeature.swift in Sources */,
				GG000001 /* URLExtractor.swift in Sources */,
				HH000001 /* ContentMetadata.swift in Sources */,
				HH000002 /* MetadataClient.swift in Sources */,
				II000001 /* ShareExtensionSaver.swift in Sources */,
				JJ000001 /* MetadataClientLive.swift in Sources */,
				KK000001 /* DetailFeature.swift in Sources */,
				KK000002 /* DetailView.swift in Sources */,
				KK000003 /* DeepLinkBuilder.swift in Sources */,
				KK000004 /* OpenURLClient.swift in Sources */,
				LL000001 /* SearchClient.swift in Sources */,
				LL000002 /* EmbeddingClient.swift in Sources */,
				MM000001 /* SearchClientLive.swift in Sources */,
				NN000001 /* EmbeddingClientLive.swift in Sources */,
				NN000002 /* VectorSearchService.swift in Sources */,
			);
			runOnlyForDeploymentPostprocessing = 0;
		};
		AA000102 /* Sources */ = {
			isa = PBXSourcesBuildPhase;
			buildActionMask = 2147483647;
			files = (
				AA000004 /* StashTests.swift in Sources */,
				EE000002 /* ContentTypeParserTests.swift in Sources */,
				EE000006 /* ContentMapperTests.swift in Sources */,
				FF000005 /* HomeFeatureTests.swift in Sources */,
				GG000003 /* URLExtractorTests.swift in Sources */,
				HH000003 /* MetadataClientTests.swift in Sources */,
				II000008 /* ShareExtensionSaverTests.swift in Sources */,
				JJ000002 /* OGTagParserTests.swift in Sources */,
				KK000005 /* DeepLinkBuilderTests.swift in Sources */,
				NN000003 /* VectorSearchServiceTests.swift in Sources */,
			);
			runOnlyForDeploymentPostprocessing = 0;
		};
		CC000100 /* Sources */ = {
			isa = PBXSourcesBuildPhase;
			buildActionMask = 2147483647;
			files = (
				CC000001 /* ShareViewController.swift in Sources */,
				GG000002 /* URLExtractor.swift in Sources */,
				II000002 /* ShareExtensionSaver.swift in Sources */,
				II000003 /* ContentType.swift in Sources */,
				II000004 /* SavedContent.swift in Sources */,
				II000005 /* ContentTypeParser.swift in Sources */,
				II000006 /* SDContent.swift in Sources */,
				II000007 /* ContentMapper.swift in Sources */,
			);
			runOnlyForDeploymentPostprocessing = 0;
		};
/* End PBXSourcesBuildPhase section */

/* Begin PBXTargetDependency section */
		AA000031 /* PBXTargetDependency */ = {
			isa = PBXTargetDependency;
			target = AA000050 /* Stash */;
			targetProxy = AA000030 /* PBXContainerItemProxy */;
		};
		CC000031 /* PBXTargetDependency */ = {
			isa = PBXTargetDependency;
			target = CC000050 /* StashShareExtension */;
			targetProxy = CC000030 /* PBXContainerItemProxy */;
		};
/* End PBXTargetDependency section */

/* Begin XCBuildConfiguration section */
		AA0000A0 /* Debug */ = {
			isa = XCBuildConfiguration;
			buildSettings = {
				ALWAYS_SEARCH_USER_PATHS = NO;
				ASSETCATALOG_COMPILER_GENERATE_SWIFT_ASSET_SYMBOL_EXTENSIONS = YES;
				CLANG_ANALYZER_NONNULL = YES;
				CLANG_ANALYZER_NUMBER_OBJECT_CONVERSION = YES_AGGRESSIVE;
				CLANG_CXX_LANGUAGE_STANDARD = "gnu++20";
				CLANG_ENABLE_MODULES = YES;
				CLANG_ENABLE_OBJC_ARC = YES;
				CLANG_ENABLE_OBJC_WEAK = YES;
				CLANG_WARN_BLOCK_CAPTURE_AUTORELEASING = YES;
				CLANG_WARN_BOOL_CONVERSION = YES;
				CLANG_WARN_COMMA = YES;
				CLANG_WARN_CONSTANT_CONVERSION = YES;
				CLANG_WARN_DEPRECATED_OBJC_IMPLEMENTATIONS = YES;
				CLANG_WARN_DIRECT_OBJC_ISA_USAGE = YES_ERROR;
				CLANG_WARN_DOCUMENTATION_COMMENTS = YES;
				CLANG_WARN_EMPTY_BODY = YES;
				CLANG_WARN_ENUM_CONVERSION = YES;
				CLANG_WARN_INFINITE_RECURSION = YES;
				CLANG_WARN_INT_CONVERSION = YES;
				CLANG_WARN_NON_LITERAL_NULL_CONVERSION = YES;
				CLANG_WARN_OBJC_IMPLICIT_RETAIN_SELF = YES;
				CLANG_WARN_OBJC_LITERAL_CONVERSION = YES;
				CLANG_WARN_OBJC_ROOT_CLASS = YES_ERROR;
				CLANG_WARN_QUOTED_INCLUDE_IN_FRAMEWORK_HEADER = YES;
				CLANG_WARN_RANGE_LOOP_ANALYSIS = YES;
				CLANG_WARN_STRICT_PROTOTYPES = YES;
				CLANG_WARN_SUSPICIOUS_MOVE = YES;
				CLANG_WARN_UNGUARDED_AVAILABILITY = YES_AGGRESSIVE;
				CLANG_WARN_UNREACHABLE_CODE = YES;
				CLANG_WARN__DUPLICATE_METHOD_MATCH = YES;
				COPY_PHASE_STRIP = NO;
				DEBUG_INFORMATION_FORMAT = dwarf;
				ENABLE_STRICT_OBJC_MSGSEND = YES;
				ENABLE_TESTABILITY = YES;
				ENABLE_USER_SCRIPT_SANDBOXING = YES;
				GCC_C_LANGUAGE_STANDARD = gnu17;
				GCC_DYNAMIC_NO_PIC = NO;
				GCC_NO_COMMON_BLOCKS = YES;
				GCC_OPTIMIZATION_LEVEL = 0;
				GCC_PREPROCESSOR_DEFINITIONS = (
					"DEBUG=1",
					"$(inherited)",
				);
				GCC_WARN_64_TO_32_BIT_CONVERSION = YES;
				GCC_WARN_ABOUT_RETURN_TYPE = YES_ERROR;
				GCC_WARN_UNDECLARED_SELECTOR = YES;
				GCC_WARN_UNINITIALIZED_AUTOS = YES_AGGRESSIVE;
				GCC_WARN_UNUSED_FUNCTION = YES;
				GCC_WARN_UNUSED_VARIABLE = YES;
				IPHONEOS_DEPLOYMENT_TARGET = 17.0;
				LOCALIZATION_PREFERS_STRING_CATALOGS = YES;
				MTL_ENABLE_DEBUG_INFO = INCLUDE_SOURCE;
				MTL_FAST_MATH = YES;
				ONLY_ACTIVE_ARCH = YES;
				SDKROOT = iphoneos;
				SWIFT_ACTIVE_COMPILATION_CONDITIONS = "DEBUG $(inherited)";
				SWIFT_OPTIMIZATION_LEVEL = "-Onone";
			};
			name = Debug;
		};
		AA0000A1 /* Release */ = {
			isa = XCBuildConfiguration;
			buildSettings = {
				ALWAYS_SEARCH_USER_PATHS = NO;
				ASSETCATALOG_COMPILER_GENERATE_SWIFT_ASSET_SYMBOL_EXTENSIONS = YES;
				CLANG_ANALYZER_NONNULL = YES;
				CLANG_ANALYZER_NUMBER_OBJECT_CONVERSION = YES_AGGRESSIVE;
				CLANG_CXX_LANGUAGE_STANDARD = "gnu++20";
				CLANG_ENABLE_MODULES = YES;
				CLANG_ENABLE_OBJC_ARC = YES;
				CLANG_ENABLE_OBJC_WEAK = YES;
				CLANG_WARN_BLOCK_CAPTURE_AUTORELEASING = YES;
				CLANG_WARN_BOOL_CONVERSION = YES;
				CLANG_WARN_COMMA = YES;
				CLANG_WARN_CONSTANT_CONVERSION = YES;
				CLANG_WARN_DEPRECATED_OBJC_IMPLEMENTATIONS = YES;
				CLANG_WARN_DIRECT_OBJC_ISA_USAGE = YES_ERROR;
				CLANG_WARN_DOCUMENTATION_COMMENTS = YES;
				CLANG_WARN_EMPTY_BODY = YES;
				CLANG_WARN_ENUM_CONVERSION = YES;
				CLANG_WARN_INFINITE_RECURSION = YES;
				CLANG_WARN_INT_CONVERSION = YES;
				CLANG_WARN_NON_LITERAL_NULL_CONVERSION = YES;
				CLANG_WARN_OBJC_IMPLICIT_RETAIN_SELF = YES;
				CLANG_WARN_OBJC_LITERAL_CONVERSION = YES;
				CLANG_WARN_OBJC_ROOT_CLASS = YES_ERROR;
				CLANG_WARN_QUOTED_INCLUDE_IN_FRAMEWORK_HEADER = YES;
				CLANG_WARN_RANGE_LOOP_ANALYSIS = YES;
				CLANG_WARN_STRICT_PROTOTYPES = YES;
				CLANG_WARN_SUSPICIOUS_MOVE = YES;
				CLANG_WARN_UNGUARDED_AVAILABILITY = YES_AGGRESSIVE;
				CLANG_WARN_UNREACHABLE_CODE = YES;
				CLANG_WARN__DUPLICATE_METHOD_MATCH = YES;
				COPY_PHASE_STRIP = NO;
				DEBUG_INFORMATION_FORMAT = "dwarf-with-dsym";
				ENABLE_NS_ASSERTIONS = NO;
				ENABLE_STRICT_OBJC_MSGSEND = YES;
				ENABLE_USER_SCRIPT_SANDBOXING = YES;
				GCC_C_LANGUAGE_STANDARD = gnu17;
				GCC_NO_COMMON_BLOCKS = YES;
				GCC_WARN_64_TO_32_BIT_CONVERSION = YES;
				GCC_WARN_ABOUT_RETURN_TYPE = YES_ERROR;
				GCC_WARN_UNDECLARED_SELECTOR = YES;
				GCC_WARN_UNINITIALIZED_AUTOS = YES_AGGRESSIVE;
				GCC_WARN_UNUSED_FUNCTION = YES;
				GCC_WARN_UNUSED_VARIABLE = YES;
				IPHONEOS_DEPLOYMENT_TARGET = 17.0;
				LOCALIZATION_PREFERS_STRING_CATALOGS = YES;
				MTL_ENABLE_DEBUG_INFO = NO;
				MTL_FAST_MATH = YES;
				SDKROOT = iphoneos;
				SWIFT_COMPILATION_MODE = wholemodule;
				VALIDATE_PRODUCT = YES;
			};
			name = Release;
		};
		AA0000B0 /* Debug */ = {
			isa = XCBuildConfiguration;
			buildSettings = {
				ASSETCATALOG_COMPILER_APPICON_NAME = AppIcon;
				ASSETCATALOG_COMPILER_GLOBAL_ACCENT_COLOR_NAME = AccentColor;
				CODE_SIGN_ENTITLEMENTS = Stash/Stash.entitlements;
				CODE_SIGN_STYLE = Automatic;
				CURRENT_PROJECT_VERSION = 1;
				DEVELOPMENT_TEAM = "";
				ENABLE_PREVIEWS = YES;
				ENABLE_TESTING_SEARCH_PATHS = YES;
				GENERATE_INFOPLIST_FILE = YES;
				INFOPLIST_KEY_UIApplicationSceneManifest_Generation = YES;
				INFOPLIST_KEY_UIApplicationSupportsIndirectInputEvents = YES;
				INFOPLIST_KEY_UILaunchScreen_Generation = YES;
				INFOPLIST_KEY_UISupportedInterfaceOrientations_iPad = "UIInterfaceOrientationPortrait UIInterfaceOrientationPortraitUpsideDown UIInterfaceOrientationLandscapeLeft UIInterfaceOrientationLandscapeRight";
				INFOPLIST_KEY_UISupportedInterfaceOrientations_iPhone = "UIInterfaceOrientationPortrait UIInterfaceOrientationLandscapeLeft UIInterfaceOrientationLandscapeRight";
				LD_RUNPATH_SEARCH_PATHS = (
					"$(inherited)",
					"@executable_path/Frameworks",
				);
				MARKETING_VERSION = 1.0;
				PRODUCT_BUNDLE_IDENTIFIER = com.kangraemin.stash;
				PRODUCT_NAME = "$(TARGET_NAME)";
				SWIFT_EMIT_LOC_STRINGS = YES;
				SWIFT_VERSION = 5.0;
				TARGETED_DEVICE_FAMILY = "1,2";
			};
			name = Debug;
		};
		AA0000B1 /* Release */ = {
			isa = XCBuildConfiguration;
			buildSettings = {
				ASSETCATALOG_COMPILER_APPICON_NAME = AppIcon;
				ASSETCATALOG_COMPILER_GLOBAL_ACCENT_COLOR_NAME = AccentColor;
				CODE_SIGN_ENTITLEMENTS = Stash/Stash.entitlements;
				CODE_SIGN_STYLE = Automatic;
				CURRENT_PROJECT_VERSION = 1;
				DEVELOPMENT_TEAM = "";
				ENABLE_PREVIEWS = YES;
				ENABLE_TESTING_SEARCH_PATHS = YES;
				GENERATE_INFOPLIST_FILE = YES;
				INFOPLIST_KEY_UIApplicationSceneManifest_Generation = YES;
				INFOPLIST_KEY_UIApplicationSupportsIndirectInputEvents = YES;
				INFOPLIST_KEY_UILaunchScreen_Generation = YES;
				INFOPLIST_KEY_UISupportedInterfaceOrientations_iPad = "UIInterfaceOrientationPortrait UIInterfaceOrientationPortraitUpsideDown UIInterfaceOrientationLandscapeLeft UIInterfaceOrientationLandscapeRight";
				INFOPLIST_KEY_UISupportedInterfaceOrientations_iPhone = "UIInterfaceOrientationPortrait UIInterfaceOrientationLandscapeLeft UIInterfaceOrientationLandscapeRight";
				LD_RUNPATH_SEARCH_PATHS = (
					"$(inherited)",
					"@executable_path/Frameworks",
				);
				MARKETING_VERSION = 1.0;
				PRODUCT_BUNDLE_IDENTIFIER = com.kangraemin.stash;
				PRODUCT_NAME = "$(TARGET_NAME)";
				SWIFT_EMIT_LOC_STRINGS = YES;
				SWIFT_VERSION = 5.0;
				TARGETED_DEVICE_FAMILY = "1,2";
			};
			name = Release;
		};
		AA0000C0 /* Debug */ = {
			isa = XCBuildConfiguration;
			buildSettings = {
				BUNDLE_LOADER = "$(TEST_HOST)";
				CODE_SIGN_STYLE = Automatic;
				CURRENT_PROJECT_VERSION = 1;
				DEVELOPMENT_TEAM = "";
				GENERATE_INFOPLIST_FILE = YES;
				IPHONEOS_DEPLOYMENT_TARGET = 17.0;
				MARKETING_VERSION = 1.0;
				PRODUCT_BUNDLE_IDENTIFIER = com.kangraemin.stash.StashTests;
				PRODUCT_NAME = "$(TARGET_NAME)";
				SWIFT_EMIT_LOC_STRINGS = NO;
				SWIFT_VERSION = 5.0;
				TARGETED_DEVICE_FAMILY = "1,2";
				TEST_HOST = "$(BUILT_PRODUCTS_DIR)/Stash.app/$(BUNDLE_EXECUTABLE_FOLDER_PATH)/Stash";
			};
			name = Debug;
		};
		AA0000C1 /* Release */ = {
			isa = XCBuildConfiguration;
			buildSettings = {
				BUNDLE_LOADER = "$(TEST_HOST)";
				CODE_SIGN_STYLE = Automatic;
				CURRENT_PROJECT_VERSION = 1;
				DEVELOPMENT_TEAM = "";
				GENERATE_INFOPLIST_FILE = YES;
				IPHONEOS_DEPLOYMENT_TARGET = 17.0;
				MARKETING_VERSION = 1.0;
				PRODUCT_BUNDLE_IDENTIFIER = com.kangraemin.stash.StashTests;
				PRODUCT_NAME = "$(TARGET_NAME)";
				SWIFT_EMIT_LOC_STRINGS = NO;
				SWIFT_VERSION = 5.0;
				TARGETED_DEVICE_FAMILY = "1,2";
				TEST_HOST = "$(BUILT_PRODUCTS_DIR)/Stash.app/$(BUNDLE_EXECUTABLE_FOLDER_PATH)/Stash";
			};
			name = Release;
		};
		CC0000B0 /* Debug */ = {
			isa = XCBuildConfiguration;
			buildSettings = {
				CODE_SIGN_ENTITLEMENTS = StashShareExtension/StashShareExtension.entitlements;
				CODE_SIGN_STYLE = Automatic;
				CURRENT_PROJECT_VERSION = 1;
				DEVELOPMENT_TEAM = "";
				GENERATE_INFOPLIST_FILE = YES;
				INFOPLIST_FILE = StashShareExtension/Info.plist;
				INFOPLIST_KEY_CFBundleDisplayName = StashShareExtension;
				INFOPLIST_KEY_NSHumanReadableCopyright = "";
				IPHONEOS_DEPLOYMENT_TARGET = 17.0;
				LD_RUNPATH_SEARCH_PATHS = (
					"$(inherited)",
					"@executable_path/Frameworks",
					"@executable_path/../../Frameworks",
				);
				MARKETING_VERSION = 1.0;
				PRODUCT_BUNDLE_IDENTIFIER = "com.kangraemin.stash.share-extension";
				PRODUCT_NAME = "$(TARGET_NAME)";
				SKIP_INSTALL = YES;
				SWIFT_EMIT_LOC_STRINGS = YES;
				SWIFT_VERSION = 5.0;
				TARGETED_DEVICE_FAMILY = "1,2";
			};
			name = Debug;
		};
		CC0000B1 /* Release */ = {
			isa = XCBuildConfiguration;
			buildSettings = {
				CODE_SIGN_ENTITLEMENTS = StashShareExtension/StashShareExtension.entitlements;
				CODE_SIGN_STYLE = Automatic;
				CURRENT_PROJECT_VERSION = 1;
				DEVELOPMENT_TEAM = "";
				GENERATE_INFOPLIST_FILE = YES;
				INFOPLIST_FILE = StashShareExtension/Info.plist;
				INFOPLIST_KEY_CFBundleDisplayName = StashShareExtension;
				INFOPLIST_KEY_NSHumanReadableCopyright = "";
				IPHONEOS_DEPLOYMENT_TARGET = 17.0;
				LD_RUNPATH_SEARCH_PATHS = (
					"$(inherited)",
					"@executable_path/Frameworks",
					"@executable_path/../../Frameworks",
				);
				MARKETING_VERSION = 1.0;
				PRODUCT_BUNDLE_IDENTIFIER = "com.kangraemin.stash.share-extension";
				PRODUCT_NAME = "$(TARGET_NAME)";
				SKIP_INSTALL = YES;
				SWIFT_EMIT_LOC_STRINGS = YES;
				SWIFT_VERSION = 5.0;
				TARGETED_DEVICE_FAMILY = "1,2";
			};
			name = Release;
		};
/* End XCBuildConfiguration section */

/* Begin XCConfigurationList section */
		AA000090 /* Build configuration list for PBXNativeTarget "Stash" */ = {
			isa = XCConfigurationList;
			buildConfigurations = (
				AA0000B0 /* Debug */,
				AA0000B1 /* Release */,
			);
			defaultConfigurationIsVisible = 0;
			defaultConfigurationName = Release;
		};
		AA000091 /* Build configuration list for PBXNativeTarget "StashTests" */ = {
			isa = XCConfigurationList;
			buildConfigurations = (
				AA0000C0 /* Debug */,
				AA0000C1 /* Release */,
			);
			defaultConfigurationIsVisible = 0;
			defaultConfigurationName = Release;
		};
		AA000092 /* Build configuration list for PBXProject "Stash" */ = {
			isa = XCConfigurationList;
			buildConfigurations = (
				AA0000A0 /* Debug */,
				AA0000A1 /* Release */,
			);
			defaultConfigurationIsVisible = 0;
			defaultConfigurationName = Release;
		};
		CC000090 /* Build configuration list for PBXNativeTarget "StashShareExtension" */ = {
			isa = XCConfigurationList;
			buildConfigurations = (
				CC0000B0 /* Debug */,
				CC0000B1 /* Release */,
			);
			defaultConfigurationIsVisible = 0;
			defaultConfigurationName = Release;
		};
/* End XCConfigurationList section */

/* Begin XCRemoteSwiftPackageReference section */
		AA000200 /* XCRemoteSwiftPackageReference "swift-composable-architecture" */ = {
			isa = XCRemoteSwiftPackageReference;
			repositoryURL = "https://github.com/pointfreeco/swift-composable-architecture";
			requirement = {
				kind = upToNextMajorVersion;
				minimumVersion = 1.17.1;
			};
		};
		EE000200 /* XCRemoteSwiftPackageReference "swift-dependencies" */ = {
			isa = XCRemoteSwiftPackageReference;
			repositoryURL = "https://github.com/pointfreeco/swift-dependencies";
			requirement = {
				kind = upToNextMajorVersion;
				minimumVersion = 1.0.0;
			};
		};
/* End XCRemoteSwiftPackageReference section */

/* Begin XCSwiftPackageProductDependency section */
		AA000201 /* ComposableArchitecture */ = {
			isa = XCSwiftPackageProductDependency;
			package = AA000200 /* XCRemoteSwiftPackageReference "swift-composable-architecture" */;
			productName = ComposableArchitecture;
		};
		EE000201 /* Dependencies */ = {
			isa = XCSwiftPackageProductDependency;
			package = EE000200 /* XCRemoteSwiftPackageReference "swift-dependencies" */;
			productName = Dependencies;
		};
/* End XCSwiftPackageProductDependency section */

	};
	rootObject = AA000040 /* Project object */;
}
